
Microsoft Visual Studio Solution File, Format Version 12.00
# Visual Studio Version 17
VisualStudioVersion = 17.9.34902.65
MinimumVisualStudioVersion = 10.0.40219.1
Project("{FAE04EC0-301F-11D3-BF4B-00C04F79EFBC}") = "ticket-price-calculator", "ticket-price-calculator\ticket-price-calculator.csproj", "{D441D8B9-4D6E-4B0A-A29C-E6AB36AFEE7A}"
EndProject
Global
	GlobalSection(SolutionConfigurationPlatforms) = preSolution
		Debug|Any CPU = Debug|Any CPU
		Release|Any CPU = Release|Any CPU
	EndGlobalSection
	GlobalSection(ProjectConfigurationPlatforms) = postSolution
		{D441D8B9-4D6E-4B0A-A29C-E6AB36AFEE7A}.Debug|Any CPU.ActiveCfg = Debug|Any CPU
		{D441D8B9-4D6E-4B0A-A29C-E6AB36AFEE7A}.Debug|Any CPU.Build.0 = Debug|Any CPU
		{D441D8B9-4D6E-4B0A-A29C-E6AB36AFEE7A}.Release|Any CPU.ActiveCfg = Release|Any CPU
		{D441D8B9-4D6E-4B0A-A29C-E6AB36AFEE7A}.Release|Any CPU.Build.0 = Release|Any CPU
	EndGlobalSection
	GlobalSection(SolutionProperties) = preSolution
		HideSolutionNode = FALSE
	EndGlobalSection
	GlobalSection(ExtensibilityGlobals) = postSolution
		SolutionGuid = {F896F264-F654-423C-B151-11CD5F15B9E8}
	EndGlobalSection
EndGlobal
