
Microsoft Visual Studio Solution File, Format Version 12.00
# Visual Studio Version 17
VisualStudioVersion = 17.9.34902.65
MinimumVisualStudioVersion = 10.0.40219.1
Project("{FAE04EC0-301F-11D3-BF4B-00C04F79EFBC}") = "grade-calculator", "grade-calculator\grade-calculator.csproj", "{67FD21F1-D1CD-4279-AC43-68982FD82E6B}"
EndProject
Global
	GlobalSection(SolutionConfigurationPlatforms) = preSolution
		Debug|Any CPU = Debug|Any CPU
		Release|Any CPU = Release|Any CPU
	EndGlobalSection
	GlobalSection(ProjectConfigurationPlatforms) = postSolution
		{67FD21F1-D1CD-4279-AC43-68982FD82E6B}.Debug|Any CPU.ActiveCfg = Debug|Any CPU
		{67FD21F1-D1CD-4279-AC43-68982FD82E6B}.Debug|Any CPU.Build.0 = Debug|Any CPU
		{67FD21F1-D1CD-4279-AC43-68982FD82E6B}.Release|Any CPU.ActiveCfg = Release|Any CPU
		{67FD21F1-D1CD-4279-AC43-68982FD82E6B}.Release|Any CPU.Build.0 = Release|Any CPU
	EndGlobalSection
	GlobalSection(SolutionProperties) = preSolution
		HideSolutionNode = FALSE
	EndGlobalSection
	GlobalSection(ExtensibilityGlobals) = postSolution
		SolutionGuid = {09A21896-A477-41DC-B378-7275C371331C}
	EndGlobalSection
EndGlobal
